
Microsoft Visual Studio Solution File, Format Version 12.00
# Visual Studio Version 16
VisualStudioVersion = 16.0.30204.135
MinimumVisualStudioVersion = 10.0.40219.1
Project("{FAE04EC0-301F-11D3-BF4B-00C04F79EFBC}") = "Exercises", "Exercises\Exercises.csproj", "{4A518FAA-4DEC-4653-BD57-88A5FF14345F}"
EndProject
Project("{FAE04EC0-301F-11D3-BF4B-00C04F79EFBC}") = "Exercises.Test", "Exercises.Test\Exercises.Test.csproj", "{3CC966F6-520E-4559-89EB-BEDDE0A230C5}"
EndProject
Global
	GlobalSection(SolutionConfigurationPlatforms) = preSolution
		Debug|Any CPU = Debug|Any CPU
		Release|Any CPU = Release|Any CPU
	EndGlobalSection
	GlobalSection(ProjectConfigurationPlatforms) = postSolution
		{4A518FAA-4DEC-4653-BD57-88A5FF14345F}.Debug|Any CPU.ActiveCfg = Debug|Any CPU
		{4A518FAA-4DEC-4653-BD57-88A5FF14345F}.Debug|Any CPU.Build.0 = Debug|Any CPU
		{4A518FAA-4DEC-4653-BD57-88A5FF14345F}.Release|Any CPU.ActiveCfg = Release|Any CPU
		{4A518FAA-4DEC-4653-BD57-88A5FF14345F}.Release|Any CPU.Build.0 = Release|Any CPU
		{3CC966F6-520E-4559-89EB-BEDDE0A230C5}.Debug|Any CPU.ActiveCfg = Debug|Any CPU
		{3CC966F6-520E-4559-89EB-BEDDE0A230C5}.Debug|Any CPU.Build.0 = Debug|Any CPU
		{3CC966F6-520E-4559-89EB-BEDDE0A230C5}.Release|Any CPU.ActiveCfg = Release|Any CPU
		{3CC966F6-520E-4559-89EB-BEDDE0A230C5}.Release|Any CPU.Build.0 = Release|Any CPU
	EndGlobalSection
	GlobalSection(SolutionProperties) = preSolution
		HideSolutionNode = FALSE
	EndGlobalSection
	GlobalSection(ExtensibilityGlobals) = postSolution
		SolutionGuid = {30DF7286-FA19-4F2A-95AF-96635ED81AF7}
	EndGlobalSection
EndGlobal
